
Microsoft Visual Studio Solution File, Format Version 12.00
# Visual Studio Version 16
VisualStudioVersion = 16.0.29209.62
MinimumVisualStudioVersion = 10.0.40219.1
Project("{FAE04EC0-301F-11D3-BF4B-00C04F79EFBC}") = "SQLConnTst", "SQLConnTst\SQLConnTst.csproj", "{AADE61E5-A895-4DCC-A2BA-14831D65CFF7}"
EndProject
Global
	GlobalSection(SolutionConfigurationPlatforms) = preSolution
		Debug|Any CPU = Debug|Any CPU
		Release|Any CPU = Release|Any CPU
	EndGlobalSection
	GlobalSection(ProjectConfigurationPlatforms) = postSolution
		{AADE61E5-A895-4DCC-A2BA-14831D65CFF7}.Debug|Any CPU.ActiveCfg = Debug|Any CPU
		{AADE61E5-A895-4DCC-A2BA-14831D65CFF7}.Debug|Any CPU.Build.0 = Debug|Any CPU
		{AADE61E5-A895-4DCC-A2BA-14831D65CFF7}.Release|Any CPU.ActiveCfg = Release|Any CPU
		{AADE61E5-A895-4DCC-A2BA-14831D65CFF7}.Release|Any CPU.Build.0 = Release|Any CPU
	EndGlobalSection
	GlobalSection(SolutionProperties) = preSolution
		HideSolutionNode = FALSE
	EndGlobalSection
	GlobalSection(ExtensibilityGlobals) = postSolution
		SolutionGuid = {3C39FF1C-7AAD-4620-9FE4-5FFE3404EEF0}
	EndGlobalSection
EndGlobal
